
Microsoft Visual Studio Solution File, Format Version 12.00
# Visual Studio Version 17
VisualStudioVersion = 17.3.32922.545
MinimumVisualStudioVersion = 10.0.40219.1
Project("{FAE04EC0-301F-11D3-BF4B-00C04F79EFBC}") = "print table of enter number", "print table of enter number\print table of enter number.csproj", "{8CEAB128-7D62-42D6-9555-F5D67591FF85}"
EndProject
Global
	GlobalSection(SolutionConfigurationPlatforms) = preSolution
		Debug|Any CPU = Debug|Any CPU
		Release|Any CPU = Release|Any CPU
	EndGlobalSection
	GlobalSection(ProjectConfigurationPlatforms) = postSolution
		{8CEAB128-7D62-42D6-9555-F5D67591FF85}.Debug|Any CPU.ActiveCfg = Debug|Any CPU
		{8CEAB128-7D62-42D6-9555-F5D67591FF85}.Debug|Any CPU.Build.0 = Debug|Any CPU
		{8CEAB128-7D62-42D6-9555-F5D67591FF85}.Release|Any CPU.ActiveCfg = Release|Any CPU
		{8CEAB128-7D62-42D6-9555-F5D67591FF85}.Release|Any CPU.Build.0 = Release|Any CPU
	EndGlobalSection
	GlobalSection(SolutionProperties) = preSolution
		HideSolutionNode = FALSE
	EndGlobalSection
	GlobalSection(ExtensibilityGlobals) = postSolution
		SolutionGuid = {4D62BDE4-D298-48C3-ADAF-FA23D31EC201}
	EndGlobalSection
EndGlobal
